
Microsoft Visual Studio Solution File, Format Version 12.00
# Visual Studio Version 17
VisualStudioVersion = 17.0.32112.339
MinimumVisualStudioVersion = 10.0.40219.1
Project("{FAE04EC0-301F-11D3-BF4B-00C04F79EFBC}") = "calculadoraIMSS2", "calculadoraIMSS2\calculadoraIMSS2.csproj", "{B33858A4-CE51-4D01-ACD7-21C4C11E5C84}"
EndProject
Global
	GlobalSection(SolutionConfigurationPlatforms) = preSolution
		Debug|Any CPU = Debug|Any CPU
		Release|Any CPU = Release|Any CPU
	EndGlobalSection
	GlobalSection(ProjectConfigurationPlatforms) = postSolution
		{B33858A4-CE51-4D01-ACD7-21C4C11E5C84}.Debug|Any CPU.ActiveCfg = Debug|Any CPU
		{B33858A4-CE51-4D01-ACD7-21C4C11E5C84}.Debug|Any CPU.Build.0 = Debug|Any CPU
		{B33858A4-CE51-4D01-ACD7-21C4C11E5C84}.Release|Any CPU.ActiveCfg = Release|Any CPU
		{B33858A4-CE51-4D01-ACD7-21C4C11E5C84}.Release|Any CPU.Build.0 = Release|Any CPU
	EndGlobalSection
	GlobalSection(SolutionProperties) = preSolution
		HideSolutionNode = FALSE
	EndGlobalSection
	GlobalSection(ExtensibilityGlobals) = postSolution
		SolutionGuid = {24CA2FF3-2DE4-44BB-8417-421BB8919346}
	EndGlobalSection
EndGlobal
